
Microsoft Visual Studio Solution File, Format Version 12.00
# Visual Studio Version 17
VisualStudioVersion = 17.8.34316.72
MinimumVisualStudioVersion = 10.0.40219.1
Project("{FAE04EC0-301F-11D3-BF4B-00C04F79EFBC}") = "Butucaru_Codrut_Lab7", "Butucaru_Codrut_Lab7\Butucaru_Codrut_Lab7.csproj", "{026D0282-7B95-4FD4-AA8B-E535201350AE}"
EndProject
Global
	GlobalSection(SolutionConfigurationPlatforms) = preSolution
		Debug|Any CPU = Debug|Any CPU
		Release|Any CPU = Release|Any CPU
	EndGlobalSection
	GlobalSection(ProjectConfigurationPlatforms) = postSolution
		{026D0282-7B95-4FD4-AA8B-E535201350AE}.Debug|Any CPU.ActiveCfg = Debug|Any CPU
		{026D0282-7B95-4FD4-AA8B-E535201350AE}.Debug|Any CPU.Build.0 = Debug|Any CPU
		{026D0282-7B95-4FD4-AA8B-E535201350AE}.Debug|Any CPU.Deploy.0 = Debug|Any CPU
		{026D0282-7B95-4FD4-AA8B-E535201350AE}.Release|Any CPU.ActiveCfg = Release|Any CPU
		{026D0282-7B95-4FD4-AA8B-E535201350AE}.Release|Any CPU.Build.0 = Release|Any CPU
		{026D0282-7B95-4FD4-AA8B-E535201350AE}.Release|Any CPU.Deploy.0 = Release|Any CPU
	EndGlobalSection
	GlobalSection(SolutionProperties) = preSolution
		HideSolutionNode = FALSE
	EndGlobalSection
	GlobalSection(ExtensibilityGlobals) = postSolution
		SolutionGuid = {D38B602E-F44B-4D7D-B92F-A1ECC7CD5209}
	EndGlobalSection
EndGlobal
